process_accounts:
  cmd: python src/data/process_accounts.py datasets/accounts.csv
  deps:
  - path: datasets/accounts.csv
    md5: 770de02d407c75b594cf00e69a2f508f
  - path: src/data/process_accounts.py
    md5: 53471168892e4692fea14da97e6fd465
  outs:
  - path: datasets/accounts_processed.csv
    md5: 0efb900142a5dad635049fdd5b57e478
download_tweets:
  cmd: python src/data/download_tweets.py datasets/accounts_processed.csv
  deps:
  - path: datasets/accounts_processed.csv
    md5: 0efb900142a5dad635049fdd5b57e478
  - path: src/data/download_tweets.py
    md5: 38b529cfa0b06b0bad75d805d77d707b
  outs:
  - path: datasets/tweets/
    md5: 70312c5ef5c11c71a168ba373bcaf99c.dir
visualize_tweets_count:
  cmd: python src/visualization/tweets_data_visualizer.py datasets/accounts_processed.csv
  deps:
  - path: datasets/accounts_processed.csv
    md5: 0efb900142a5dad635049fdd5b57e478
  - path: src/visualization/tweets_data_visualizer.py
    md5: 4381b9e60bfaa4e6c6a3608715d39d51
  outs:
  - path: reports/plots/all_replies_count_hist_full.png
    md5: 05d4740378afb4940c90f976d7189552
  - path: reports/plots/all_replies_count_less_than_500_hist.png
    md5: 692f39cfaae65ae044c47ef3d261d2f4
